
Microsoft Visual Studio Solution File, Format Version 12.00
# Visual Studio Version 17
VisualStudioVersion = 17.9.34701.34
MinimumVisualStudioVersion = 10.0.40219.1
Project("{FAE04EC0-301F-11D3-BF4B-00C04F79EFBC}") = "FlowerShopMVVM", "FlowerShopMVVM\FlowerShopMVVM.csproj", "{BCAC1B8F-820C-453E-9F0F-80199C6ECDB5}"
EndProject
Global
	GlobalSection(SolutionConfigurationPlatforms) = preSolution
		Debug|Any CPU = Debug|Any CPU
		Release|Any CPU = Release|Any CPU
	EndGlobalSection
	GlobalSection(ProjectConfigurationPlatforms) = postSolution
		{BCAC1B8F-820C-453E-9F0F-80199C6ECDB5}.Debug|Any CPU.ActiveCfg = Debug|Any CPU
		{BCAC1B8F-820C-453E-9F0F-80199C6ECDB5}.Debug|Any CPU.Build.0 = Debug|Any CPU
		{BCAC1B8F-820C-453E-9F0F-80199C6ECDB5}.Release|Any CPU.ActiveCfg = Release|Any CPU
		{BCAC1B8F-820C-453E-9F0F-80199C6ECDB5}.Release|Any CPU.Build.0 = Release|Any CPU
	EndGlobalSection
	GlobalSection(SolutionProperties) = preSolution
		HideSolutionNode = FALSE
	EndGlobalSection
	GlobalSection(ExtensibilityGlobals) = postSolution
		SolutionGuid = {3FB28869-F555-4B53-BF18-B5DC9B2860E0}
	EndGlobalSection
EndGlobal
